
Microsoft Visual Studio Solution File, Format Version 12.00
# Visual Studio Version 17
VisualStudioVersion = 17.8.34525.116
MinimumVisualStudioVersion = 10.0.40219.1
Project("{FAE04EC0-301F-11D3-BF4B-00C04F79EFBC}") = "BTL_WEB", "BTL_WEB\BTL_WEB.csproj", "{597C5BD0-4C78-4E2D-807B-C92CE8AC66AB}"
EndProject
Global
	GlobalSection(SolutionConfigurationPlatforms) = preSolution
		Debug|Any CPU = Debug|Any CPU
		Release|Any CPU = Release|Any CPU
	EndGlobalSection
	GlobalSection(ProjectConfigurationPlatforms) = postSolution
		{597C5BD0-4C78-4E2D-807B-C92CE8AC66AB}.Debug|Any CPU.ActiveCfg = Debug|Any CPU
		{597C5BD0-4C78-4E2D-807B-C92CE8AC66AB}.Debug|Any CPU.Build.0 = Debug|Any CPU
		{597C5BD0-4C78-4E2D-807B-C92CE8AC66AB}.Release|Any CPU.ActiveCfg = Release|Any CPU
		{597C5BD0-4C78-4E2D-807B-C92CE8AC66AB}.Release|Any CPU.Build.0 = Release|Any CPU
	EndGlobalSection
	GlobalSection(SolutionProperties) = preSolution
		HideSolutionNode = FALSE
	EndGlobalSection
	GlobalSection(ExtensibilityGlobals) = postSolution
		SolutionGuid = {B24B7EAE-E160-45AF-8702-523B9C048FC1}
	EndGlobalSection
EndGlobal
